# THIS IS AN AUTOGENERATED FILE. DO NOT EDIT THIS FILE DIRECTLY.
# yarn lockfile v1


"@discord/embedded-app-sdk@^1.9.0":
  version "1.9.0"
  resolved "https://registry.npmjs.org/@discord/embedded-app-sdk/-/embedded-app-sdk-1.9.0.tgz"
  integrity sha512-aesQGKyhQgcxuY4/iJoylFfFaynZeU70Y5nqDtFNQ6Hs11LH+Xly7CfD6AhkTNssIyLljEkxG5ZYLU6Bj6n1kw==
  dependencies:
    "@types/lodash.transform" "^4.6.6"
    "@types/uuid" "^10.0.0"
    big-integer "^1.6.48"
    decimal.js-light "^2.5.0"
    eventemitter3 "^5.0.0"
    lodash.transform "^4.6.0"
    uuid "^10.0.0"
    zod "^3.9.8"

"@types/lodash.transform@^4.6.6":
  version "4.6.9"
  resolved "https://registry.npmjs.org/@types/lodash.transform/-/lodash.transform-4.6.9.tgz"
  integrity sha512-1iIn+l7Vrj8hsr2iZLtxRkcV9AtjTafIyxKO9DX2EEcdOgz3Op5dhwKQFhMJgdfIRbYHBUF+SU97Y6P+zyLXNg==
  dependencies:
    "@types/lodash" "*"

"@types/lodash@*":
  version "4.17.16"
  resolved "https://registry.npmjs.org/@types/lodash/-/lodash-4.17.16.tgz"
  integrity sha512-HX7Em5NYQAXKW+1T+FiuG27NGwzJfCX3s1GjOa7ujxZa52kjJLOr4FUxT+giF6Tgxv1e+/czV/iTtBw27WTU9g==

"@types/uuid@^10.0.0":
  version "10.0.0"
  resolved "https://registry.npmjs.org/@types/uuid/-/uuid-10.0.0.tgz"
  integrity sha512-7gqG38EyHgyP1S+7+xomFtL+ZNHcKv6DwNaCZmJmo1vgMugyF3TCnXVg4t1uk89mLNwnLtnY3TpOpCOyp1/xHQ==

big-integer@^1.6.48:
  version "1.6.52"
  resolved "https://registry.npmjs.org/big-integer/-/big-integer-1.6.52.tgz"
  integrity sha512-QxD8cf2eVqJOOz63z6JIN9BzvVs/dlySa5HGSBH5xtR8dPteIRQnBxxKqkNTiT6jbDTF6jAfrd4oMcND9RGbQg==

decimal.js-light@^2.5.0:
  version "2.5.1"
  resolved "https://registry.npmjs.org/decimal.js-light/-/decimal.js-light-2.5.1.tgz"
  integrity sha512-qIMFpTMZmny+MMIitAB6D7iVPEorVw6YQRWkvarTkT4tBeSLLiHzcwj6q0MmYSFCiVpiqPJTJEYIrpcPzVEIvg==

eventemitter3@^5.0.0:
  version "5.0.1"
  resolved "https://registry.npmjs.org/eventemitter3/-/eventemitter3-5.0.1.tgz"
  integrity sha512-GWkBvjiSZK87ELrYOSESUYeVIc9mvLLf/nXalMOS5dYrgZq9o5OVkbZAVM06CVxYsCwH9BDZFPlQTlPA1j4ahA==

lodash.transform@^4.6.0:
  version "4.6.0"
  resolved "https://registry.npmjs.org/lodash.transform/-/lodash.transform-4.6.0.tgz"
  integrity sha512-LO37ZnhmBVx0GvOU/caQuipEh4GN82TcWv3yHlebGDgOxbxiwwzW5Pcx2AcvpIv2WmvmSMoC492yQFNhy/l/UQ==

turbo-darwin-64@2.4.4:
  version "2.4.4"
  resolved "https://registry.yarnpkg.com/turbo-darwin-64/-/turbo-darwin-64-2.4.4.tgz#2508d9b3b358bb91e8745be3e62284621a2b8721"
  integrity sha512-5kPvRkLAfmWI0MH96D+/THnDMGXlFNmjeqNRj5grLKiry+M9pKj3pRuScddAXPdlxjO5Ptz06UNaOQrrYGTx1g==

turbo-darwin-arm64@2.4.4:
  version "2.4.4"
  resolved "https://registry.yarnpkg.com/turbo-darwin-arm64/-/turbo-darwin-arm64-2.4.4.tgz#6fccca032d68bc6383d118da2fb7bc0c31ba3a7d"
  integrity sha512-/gtHPqbGQXDFhrmy+Q/MFW2HUTUlThJ97WLLSe4bxkDrKHecDYhAjbZ4rN3MM93RV9STQb3Tqy4pZBtsd4DfCw==

turbo-linux-64@2.4.4:
  version "2.4.4"
  resolved "https://registry.yarnpkg.com/turbo-linux-64/-/turbo-linux-64-2.4.4.tgz#6957b278c6fc52991bafa037dff6569d3f3b4f82"
  integrity sha512-SR0gri4k0bda56hw5u9VgDXLKb1Q+jrw4lM7WAhnNdXvVoep4d6LmnzgMHQQR12Wxl3KyWPbkz9d1whL6NTm2Q==

turbo-linux-arm64@2.4.4:
  version "2.4.4"
  resolved "https://registry.yarnpkg.com/turbo-linux-arm64/-/turbo-linux-arm64-2.4.4.tgz#bb596c4a3572f40bf65c0f23db16dc585f71ec80"
  integrity sha512-COXXwzRd3vslQIfJhXUklgEqlwq35uFUZ7hnN+AUyXx7hUOLIiD5NblL+ETrHnhY4TzWszrbwUMfe2BYWtaPQg==

turbo-windows-64@2.4.4:
  version "2.4.4"
  resolved "https://registry.yarnpkg.com/turbo-windows-64/-/turbo-windows-64-2.4.4.tgz#f73dccceb970bdc75b3a13da81e1671c2bc64325"
  integrity sha512-PV9rYNouGz4Ff3fd6sIfQy5L7HT9a4fcZoEv8PKRavU9O75G7PoDtm8scpHU10QnK0QQNLbE9qNxOAeRvF0fJg==

turbo-windows-arm64@2.4.4:
  version "2.4.4"
  resolved "https://registry.yarnpkg.com/turbo-windows-arm64/-/turbo-windows-arm64-2.4.4.tgz#e00c26e3d7fd9a82af90018ad3137f14e5221630"
  integrity sha512-403sqp9t5sx6YGEC32IfZTVWkRAixOQomGYB8kEc6ZD+//LirSxzeCHCnM8EmSXw7l57U1G+Fb0kxgTcKPU/Lg==

turbo@^2.4.4:
  version "2.4.4"
  resolved "https://registry.yarnpkg.com/turbo/-/turbo-2.4.4.tgz#cec5dbac5850adebdba71fbdf90e6e9a7723c3d6"
  integrity sha512-N9FDOVaY3yz0YCOhYIgOGYad7+m2ptvinXygw27WPLQvcZDl3+0Sa77KGVlLSiuPDChOUEnTKE9VJwLSi9BPGQ==
  optionalDependencies:
    turbo-darwin-64 "2.4.4"
    turbo-darwin-arm64 "2.4.4"
    turbo-linux-64 "2.4.4"
    turbo-linux-arm64 "2.4.4"
    turbo-windows-64 "2.4.4"
    turbo-windows-arm64 "2.4.4"

typescript@^5.8.2:
  version "5.8.2"
  resolved "https://registry.yarnpkg.com/typescript/-/typescript-5.8.2.tgz#8170b3702f74b79db2e5a96207c15e65807999e4"
  integrity sha512-aJn6wq13/afZp/jT9QZmwEjDqqvSGp1VT5GVg+f/t6/oVyrgXM6BY1h9BRh/O5p3PlUPAe+WuiEZOmb/49RqoQ==

uuid@^10.0.0:
  version "10.0.0"
  resolved "https://registry.npmjs.org/uuid/-/uuid-10.0.0.tgz"
  integrity sha512-8XkAphELsDnEGrDxUOHB3RGvXz6TeuYSGEZBOjtTtPm2lwhGBjLgOzLHB63IUWfBpNucQjND6d3AOudO+H3RWQ==

zod@^3.9.8:
  version "3.24.2"
  resolved "https://registry.npmjs.org/zod/-/zod-3.24.2.tgz"
  integrity sha512-lY7CDW43ECgW9u1TcT3IoXHflywfVqDYze4waEz812jR/bZ8FHDsl7pFQoSZTz5N+2NqRXs8GBwnAwo3ZNxqhQ==
